
Microsoft Visual Studio Solution File, Format Version 12.00
# Visual Studio 2012
Project("{FAE04EC0-301F-11D3-BF4B-00C04F79EFBC}") = "InformationExchange.OrderManagementEurope", "InformatioinExchange.OrderManagementEurope\InformationExchange.OrderManagementEurope.csproj", "{C316760E-E686-4803-8ED5-2A1BB6472C74}"
EndProject
Project("{FAE04EC0-301F-11D3-BF4B-00C04F79EFBC}") = "InformationExchange.OrderManagementSouthAmerica", "InformationExchange.OrderManagementSouthAmerica\InformationExchange.OrderManagementSouthAmerica.csproj", "{AEEC25A0-D8D0-4B6A-BCC8-A32BB44D8910}"
EndProject
Project("{2150E333-8FDC-42A3-9474-1A3956D46DE8}") = "Schemas", "Schemas", "{BB0921D8-C617-48B0-AC0C-516819C4C35A}"
EndProject
Project("{2150E333-8FDC-42A3-9474-1A3956D46DE8}") = "EnterpriseSchema", "EnterpriseSchema", "{74BF22FF-E33D-4EBF-A419-D8D46CA5F7A1}"
EndProject
Project("{2150E333-8FDC-42A3-9474-1A3956D46DE8}") = "ApplicationSchema", "ApplicationSchema", "{8C595F33-DF2E-4F76-B298-0EC06F901A93}"
EndProject
Project("{FAE04EC0-301F-11D3-BF4B-00C04F79EFBC}") = "com.iex.orders", "com.iex.orders\com.iex.orders.csproj", "{AA322701-E1AA-42E3-94FE-1BAD46800858}"
EndProject
Project("{FAE04EC0-301F-11D3-BF4B-00C04F79EFBC}") = "InformationExchange.BrokeredMessaging.Contracts", "InformationExchange.BrokeredMessaging.Contracts\InformationExchange.BrokeredMessaging.Contracts.csproj", "{81A59632-BBE4-49B4-BC22-F1DBCE957DC8}"
EndProject
Project("{FAE04EC0-301F-11D3-BF4B-00C04F79EFBC}") = "InformationExchange.BrokeredMessaging.Services", "InformationExchange.BrokeredMessaging.Services\InformationExchange.BrokeredMessaging.Services.csproj", "{24CC1DF8-0F2C-43AC-AE8F-3832BB03A42E}"
EndProject
Project("{FAE04EC0-301F-11D3-BF4B-00C04F79EFBC}") = "InformationExchange.BrokeredMessaging.MessageHandlers", "InformationExchange.BrokeredMessaging.MessageHandlers\InformationExchange.BrokeredMessaging.MessageHandlers.csproj", "{B93F4DA5-B4F6-4841-88C3-DAEBFDEF33B3}"
EndProject
Project("{2150E333-8FDC-42A3-9474-1A3956D46DE8}") = "Infrastructure", "Infrastructure", "{41E45F79-33DD-4E52-83AB-178028D8AFC5}"
EndProject
Project("{FAE04EC0-301F-11D3-BF4B-00C04F79EFBC}") = "InformationExchange.Services.Europe.MessageHandlers", "InformationExchange.Services.Europe.MessageHandlers\InformationExchange.Services.Europe.MessageHandlers.csproj", "{42B29C85-0F5B-4ECC-90B6-55344E92E3D1}"
EndProject
Project("{FAE04EC0-301F-11D3-BF4B-00C04F79EFBC}") = "InformationExchange.Europe.Web.Services", "InformationExchange.Europe.Web.Services\InformationExchange.Europe.Web.Services.csproj", "{EAC52544-971C-4743-BDB3-1FC3C0D9B025}"
EndProject
Project("{FAE04EC0-301F-11D3-BF4B-00C04F79EFBC}") = "InformationExchange.Services.SouthAmerica.MessageHandlers", "InformationExchange.Services.SouthAmerica.MessageHandlers\InformationExchange.Services.SouthAmerica.MessageHandlers.csproj", "{15C07B95-C3B8-4581-9CA3-02D327E725D7}"
EndProject
Project("{FAE04EC0-301F-11D3-BF4B-00C04F79EFBC}") = "InformationExchange.SouthAmerica.Web.Services", "InformationExchange.SouthAmerica.Web.Services\InformationExchange.SouthAmerica.Web.Services.csproj", "{F2D09CEA-DD17-4963-81A7-7C1F5428A626}"
EndProject
Project("{2150E333-8FDC-42A3-9474-1A3956D46DE8}") = "Europe", "Europe", "{843C0240-2493-4974-8427-8A29620F0F71}"
EndProject
Project("{2150E333-8FDC-42A3-9474-1A3956D46DE8}") = "South America", "South America", "{A70DB657-2E45-4130-B70D-C26271900DD7}"
EndProject
Project("{2150E333-8FDC-42A3-9474-1A3956D46DE8}") = "QueueBridge", "QueueBridge", "{782FC2D6-727A-4342-A581-0C42BF918FE7}"
EndProject
Project("{FAE04EC0-301F-11D3-BF4B-00C04F79EFBC}") = "InformationExchange.ServiceBus.Host", "InformationExchange.ServiceBus.Host\InformationExchange.ServiceBus.Host.csproj", "{7268EDD4-E703-4CAD-993F-ED7BC077C559}"
EndProject
Project("{FAE04EC0-301F-11D3-BF4B-00C04F79EFBC}") = "InformationExchange.ServiceBus.MessageHandlers", "InformationExchange.ServiceBus.MessageHandlers\InformationExchange.ServiceBus.MessageHandlers.csproj", "{4644377F-6562-456B-BF4D-17B185D8C823}"
EndProject
Project("{FAE04EC0-301F-11D3-BF4B-00C04F79EFBC}") = "InformationExchange.ServiceBusTest", "InformationExchange.ServiceBusTest\InformationExchange.ServiceBusTest.csproj", "{81060DFB-F8E7-468E-B04B-70B9E2ED7775}"
EndProject
Global
	GlobalSection(SolutionConfigurationPlatforms) = preSolution
		Debug|Any CPU = Debug|Any CPU
		Release|Any CPU = Release|Any CPU
	EndGlobalSection
	GlobalSection(ProjectConfigurationPlatforms) = postSolution
		{C316760E-E686-4803-8ED5-2A1BB6472C74}.Debug|Any CPU.ActiveCfg = Debug|Any CPU
		{C316760E-E686-4803-8ED5-2A1BB6472C74}.Debug|Any CPU.Build.0 = Debug|Any CPU
		{C316760E-E686-4803-8ED5-2A1BB6472C74}.Release|Any CPU.ActiveCfg = Release|Any CPU
		{C316760E-E686-4803-8ED5-2A1BB6472C74}.Release|Any CPU.Build.0 = Release|Any CPU
		{AEEC25A0-D8D0-4B6A-BCC8-A32BB44D8910}.Debug|Any CPU.ActiveCfg = Debug|Any CPU
		{AEEC25A0-D8D0-4B6A-BCC8-A32BB44D8910}.Debug|Any CPU.Build.0 = Debug|Any CPU
		{AEEC25A0-D8D0-4B6A-BCC8-A32BB44D8910}.Release|Any CPU.ActiveCfg = Release|Any CPU
		{AEEC25A0-D8D0-4B6A-BCC8-A32BB44D8910}.Release|Any CPU.Build.0 = Release|Any CPU
		{AA322701-E1AA-42E3-94FE-1BAD46800858}.Debug|Any CPU.ActiveCfg = Debug|Any CPU
		{AA322701-E1AA-42E3-94FE-1BAD46800858}.Debug|Any CPU.Build.0 = Debug|Any CPU
		{AA322701-E1AA-42E3-94FE-1BAD46800858}.Release|Any CPU.ActiveCfg = Release|Any CPU
		{AA322701-E1AA-42E3-94FE-1BAD46800858}.Release|Any CPU.Build.0 = Release|Any CPU
		{81A59632-BBE4-49B4-BC22-F1DBCE957DC8}.Debug|Any CPU.ActiveCfg = Debug|Any CPU
		{81A59632-BBE4-49B4-BC22-F1DBCE957DC8}.Debug|Any CPU.Build.0 = Debug|Any CPU
		{81A59632-BBE4-49B4-BC22-F1DBCE957DC8}.Release|Any CPU.ActiveCfg = Release|Any CPU
		{81A59632-BBE4-49B4-BC22-F1DBCE957DC8}.Release|Any CPU.Build.0 = Release|Any CPU
		{24CC1DF8-0F2C-43AC-AE8F-3832BB03A42E}.Debug|Any CPU.ActiveCfg = Debug|Any CPU
		{24CC1DF8-0F2C-43AC-AE8F-3832BB03A42E}.Debug|Any CPU.Build.0 = Debug|Any CPU
		{24CC1DF8-0F2C-43AC-AE8F-3832BB03A42E}.Release|Any CPU.ActiveCfg = Release|Any CPU
		{24CC1DF8-0F2C-43AC-AE8F-3832BB03A42E}.Release|Any CPU.Build.0 = Release|Any CPU
		{B93F4DA5-B4F6-4841-88C3-DAEBFDEF33B3}.Debug|Any CPU.ActiveCfg = Debug|Any CPU
		{B93F4DA5-B4F6-4841-88C3-DAEBFDEF33B3}.Debug|Any CPU.Build.0 = Debug|Any CPU
		{B93F4DA5-B4F6-4841-88C3-DAEBFDEF33B3}.Release|Any CPU.ActiveCfg = Release|Any CPU
		{B93F4DA5-B4F6-4841-88C3-DAEBFDEF33B3}.Release|Any CPU.Build.0 = Release|Any CPU
		{42B29C85-0F5B-4ECC-90B6-55344E92E3D1}.Debug|Any CPU.ActiveCfg = Debug|Any CPU
		{42B29C85-0F5B-4ECC-90B6-55344E92E3D1}.Debug|Any CPU.Build.0 = Debug|Any CPU
		{42B29C85-0F5B-4ECC-90B6-55344E92E3D1}.Release|Any CPU.ActiveCfg = Release|Any CPU
		{42B29C85-0F5B-4ECC-90B6-55344E92E3D1}.Release|Any CPU.Build.0 = Release|Any CPU
		{EAC52544-971C-4743-BDB3-1FC3C0D9B025}.Debug|Any CPU.ActiveCfg = Debug|Any CPU
		{EAC52544-971C-4743-BDB3-1FC3C0D9B025}.Debug|Any CPU.Build.0 = Debug|Any CPU
		{EAC52544-971C-4743-BDB3-1FC3C0D9B025}.Release|Any CPU.ActiveCfg = Release|Any CPU
		{EAC52544-971C-4743-BDB3-1FC3C0D9B025}.Release|Any CPU.Build.0 = Release|Any CPU
		{15C07B95-C3B8-4581-9CA3-02D327E725D7}.Debug|Any CPU.ActiveCfg = Debug|Any CPU
		{15C07B95-C3B8-4581-9CA3-02D327E725D7}.Debug|Any CPU.Build.0 = Debug|Any CPU
		{15C07B95-C3B8-4581-9CA3-02D327E725D7}.Release|Any CPU.ActiveCfg = Release|Any CPU
		{15C07B95-C3B8-4581-9CA3-02D327E725D7}.Release|Any CPU.Build.0 = Release|Any CPU
		{F2D09CEA-DD17-4963-81A7-7C1F5428A626}.Debug|Any CPU.ActiveCfg = Debug|Any CPU
		{F2D09CEA-DD17-4963-81A7-7C1F5428A626}.Debug|Any CPU.Build.0 = Debug|Any CPU
		{F2D09CEA-DD17-4963-81A7-7C1F5428A626}.Release|Any CPU.ActiveCfg = Release|Any CPU
		{F2D09CEA-DD17-4963-81A7-7C1F5428A626}.Release|Any CPU.Build.0 = Release|Any CPU
		{7268EDD4-E703-4CAD-993F-ED7BC077C559}.Debug|Any CPU.ActiveCfg = Debug|Any CPU
		{7268EDD4-E703-4CAD-993F-ED7BC077C559}.Debug|Any CPU.Build.0 = Debug|Any CPU
		{7268EDD4-E703-4CAD-993F-ED7BC077C559}.Release|Any CPU.ActiveCfg = Release|Any CPU
		{7268EDD4-E703-4CAD-993F-ED7BC077C559}.Release|Any CPU.Build.0 = Release|Any CPU
		{4644377F-6562-456B-BF4D-17B185D8C823}.Debug|Any CPU.ActiveCfg = Debug|Any CPU
		{4644377F-6562-456B-BF4D-17B185D8C823}.Debug|Any CPU.Build.0 = Debug|Any CPU
		{4644377F-6562-456B-BF4D-17B185D8C823}.Release|Any CPU.ActiveCfg = Release|Any CPU
		{4644377F-6562-456B-BF4D-17B185D8C823}.Release|Any CPU.Build.0 = Release|Any CPU
		{81060DFB-F8E7-468E-B04B-70B9E2ED7775}.Debug|Any CPU.ActiveCfg = Debug|Any CPU
		{81060DFB-F8E7-468E-B04B-70B9E2ED7775}.Debug|Any CPU.Build.0 = Debug|Any CPU
		{81060DFB-F8E7-468E-B04B-70B9E2ED7775}.Release|Any CPU.ActiveCfg = Release|Any CPU
		{81060DFB-F8E7-468E-B04B-70B9E2ED7775}.Release|Any CPU.Build.0 = Release|Any CPU
	EndGlobalSection
	GlobalSection(SolutionProperties) = preSolution
		HideSolutionNode = FALSE
	EndGlobalSection
	GlobalSection(NestedProjects) = preSolution
		{74BF22FF-E33D-4EBF-A419-D8D46CA5F7A1} = {BB0921D8-C617-48B0-AC0C-516819C4C35A}
		{8C595F33-DF2E-4F76-B298-0EC06F901A93} = {BB0921D8-C617-48B0-AC0C-516819C4C35A}
		{AA322701-E1AA-42E3-94FE-1BAD46800858} = {74BF22FF-E33D-4EBF-A419-D8D46CA5F7A1}
		{81A59632-BBE4-49B4-BC22-F1DBCE957DC8} = {41E45F79-33DD-4E52-83AB-178028D8AFC5}
		{B93F4DA5-B4F6-4841-88C3-DAEBFDEF33B3} = {41E45F79-33DD-4E52-83AB-178028D8AFC5}
		{24CC1DF8-0F2C-43AC-AE8F-3832BB03A42E} = {41E45F79-33DD-4E52-83AB-178028D8AFC5}
		{EAC52544-971C-4743-BDB3-1FC3C0D9B025} = {843C0240-2493-4974-8427-8A29620F0F71}
		{C316760E-E686-4803-8ED5-2A1BB6472C74} = {843C0240-2493-4974-8427-8A29620F0F71}
		{42B29C85-0F5B-4ECC-90B6-55344E92E3D1} = {843C0240-2493-4974-8427-8A29620F0F71}
		{AEEC25A0-D8D0-4B6A-BCC8-A32BB44D8910} = {A70DB657-2E45-4130-B70D-C26271900DD7}
		{15C07B95-C3B8-4581-9CA3-02D327E725D7} = {A70DB657-2E45-4130-B70D-C26271900DD7}
		{F2D09CEA-DD17-4963-81A7-7C1F5428A626} = {A70DB657-2E45-4130-B70D-C26271900DD7}
		{7268EDD4-E703-4CAD-993F-ED7BC077C559} = {782FC2D6-727A-4342-A581-0C42BF918FE7}
		{4644377F-6562-456B-BF4D-17B185D8C823} = {782FC2D6-727A-4342-A581-0C42BF918FE7}
	EndGlobalSection
EndGlobal
